
Microsoft Visual Studio Solution File, Format Version 12.00
# Visual Studio Version 17
VisualStudioVersion = 17.7.34202.233
MinimumVisualStudioVersion = 10.0.40219.1
Project("{E24C65DC-7377-472B-9ABA-BC803B73C61A}") = "DragDrop", ".", "{2828EBE7-797D-4CBC-8CA1-B66379AB0D92}"
	ProjectSection(WebsiteProperties) = preProject
		TargetFrameworkMoniker = ".NETFramework,Version%3Dv4.8"
		Debug.AspNetCompiler.VirtualPath = "/localhost_51846"
		Debug.AspNetCompiler.PhysicalPath = "..\..\..\..\..\Intel\Learning\DragDrop\"
		Debug.AspNetCompiler.TargetPath = "PrecompiledWeb\localhost_51846\"
		Debug.AspNetCompiler.Updateable = "true"
		Debug.AspNetCompiler.ForceOverwrite = "true"
		Debug.AspNetCompiler.FixedNames = "false"
		Debug.AspNetCompiler.Debug = "True"
		Release.AspNetCompiler.VirtualPath = "/localhost_51846"
		Release.AspNetCompiler.PhysicalPath = "..\..\..\..\..\Intel\Learning\DragDrop\"
		Release.AspNetCompiler.TargetPath = "PrecompiledWeb\localhost_51846\"
		Release.AspNetCompiler.Updateable = "true"
		Release.AspNetCompiler.ForceOverwrite = "true"
		Release.AspNetCompiler.FixedNames = "false"
		Release.AspNetCompiler.Debug = "False"
		VWDPort = "51846"
	EndProjectSection
EndProject
Global
	GlobalSection(SolutionConfigurationPlatforms) = preSolution
		Debug|Any CPU = Debug|Any CPU
	EndGlobalSection
	GlobalSection(ProjectConfigurationPlatforms) = postSolution
		{2828EBE7-797D-4CBC-8CA1-B66379AB0D92}.Debug|Any CPU.ActiveCfg = Debug|Any CPU
		{2828EBE7-797D-4CBC-8CA1-B66379AB0D92}.Debug|Any CPU.Build.0 = Debug|Any CPU
	EndGlobalSection
	GlobalSection(SolutionProperties) = preSolution
		HideSolutionNode = FALSE
	EndGlobalSection
	GlobalSection(ExtensibilityGlobals) = postSolution
		SolutionGuid = {454EEC04-8A3A-4ED1-BB97-BFA5110F773C}
	EndGlobalSection
EndGlobal
